
Microsoft Visual Studio Solution File, Format Version 12.00
# Visual Studio Version 17
VisualStudioVersion = 17.11.35208.52
MinimumVisualStudioVersion = 10.0.40219.1
Project("{9A19103F-16F7-4668-BE54-9A1E7A4F7556}") = "Lifecare", "Lifecare\Lifecare.csproj", "{87E5CB01-B49C-4309-9248-D63544D7F244}"
EndProject
Project("{9A19103F-16F7-4668-BE54-9A1E7A4F7556}") = "Lifepath.Entities", "Lifepath.Entities\Lifepath.Entities.csproj", "{A07855EF-E42C-493E-8B43-F4A6BFDC9C20}"
EndProject
Project("{FAE04EC0-301F-11D3-BF4B-00C04F79EFBC}") = "Dal", "Dal\Dal.csproj", "{7D556957-30E1-4EC7-AC22-7F9E174FC411}"
EndProject
Global
	GlobalSection(SolutionConfigurationPlatforms) = preSolution
		Debug|Any CPU = Debug|Any CPU
		Release|Any CPU = Release|Any CPU
	EndGlobalSection
	GlobalSection(ProjectConfigurationPlatforms) = postSolution
		{87E5CB01-B49C-4309-9248-D63544D7F244}.Debug|Any CPU.ActiveCfg = Debug|Any CPU
		{87E5CB01-B49C-4309-9248-D63544D7F244}.Debug|Any CPU.Build.0 = Debug|Any CPU
		{87E5CB01-B49C-4309-9248-D63544D7F244}.Release|Any CPU.ActiveCfg = Release|Any CPU
		{87E5CB01-B49C-4309-9248-D63544D7F244}.Release|Any CPU.Build.0 = Release|Any CPU
		{A07855EF-E42C-493E-8B43-F4A6BFDC9C20}.Debug|Any CPU.ActiveCfg = Debug|Any CPU
		{A07855EF-E42C-493E-8B43-F4A6BFDC9C20}.Debug|Any CPU.Build.0 = Debug|Any CPU
		{A07855EF-E42C-493E-8B43-F4A6BFDC9C20}.Release|Any CPU.ActiveCfg = Release|Any CPU
		{A07855EF-E42C-493E-8B43-F4A6BFDC9C20}.Release|Any CPU.Build.0 = Release|Any CPU
		{7D556957-30E1-4EC7-AC22-7F9E174FC411}.Debug|Any CPU.ActiveCfg = Debug|Any CPU
		{7D556957-30E1-4EC7-AC22-7F9E174FC411}.Debug|Any CPU.Build.0 = Debug|Any CPU
		{7D556957-30E1-4EC7-AC22-7F9E174FC411}.Release|Any CPU.ActiveCfg = Release|Any CPU
		{7D556957-30E1-4EC7-AC22-7F9E174FC411}.Release|Any CPU.Build.0 = Release|Any CPU
	EndGlobalSection
	GlobalSection(SolutionProperties) = preSolution
		HideSolutionNode = FALSE
	EndGlobalSection
	GlobalSection(ExtensibilityGlobals) = postSolution
		SolutionGuid = {22213C33-8ACE-4FA6-BE87-C54FE6E8A52F}
	EndGlobalSection
EndGlobal
